// !$*UTF8*$!
{
	archiveVersion = 1;
	classes = {
	};
	objectVersion = 46;
	objects = {

/* Begin PBXBuildFile section */
		796F2DF51EF686AB00CECCD2 /* Main.storyboard in Resources */ = {isa = PBXBuildFile; fileRef = 796F2DF31EF686AB00CECCD2 /* Main.storyboard */; };
		796F2DF71EF686AB00CECCD2 /* Assets.xcassets in Resources */ = {isa = PBXBuildFile; fileRef = 796F2DF61EF686AB00CECCD2 /* Assets.xcassets */; };
		796F2DFA1EF686AB00CECCD2 /* LaunchScreen.storyboard in Resources */ = {isa = PBXBuildFile; fileRef = 796F2DF81EF686AB00CECCD2 /* LaunchScreen.storyboard */; };
		796F2E031EF6963400CECCD2 /* MapKit.framework in Frameworks */ = {isa = PBXBuildFile; fileRef = 796F2E021EF6963400CECCD2 /* MapKit.framework */; };
		A469FF5C1EFA56CC0089C580 /* CodeScan.bundle in Resources */ = {isa = PBXBuildFile; fileRef = A469FF5B1EFA56CC0089C580 /* CodeScan.bundle */; };
		A497F56C1EFB9114003445BA /* InputViewController.swift in Sources */ = {isa = PBXBuildFile; fileRef = A497F5511EFB9114003445BA /* InputViewController.swift */; };
		A497F56D1EFB9114003445BA /* MenuController.swift in Sources */ = {isa = PBXBuildFile; fileRef = A497F5521EFB9114003445BA /* MenuController.swift */; };
		A497F56E1EFB9114003445BA /* ScanViewController.swift in Sources */ = {isa = PBXBuildFile; fileRef = A497F5531EFB9114003445BA /* ScanViewController.swift */; };
		A497F56F1EFB9114003445BA /* ShowPassCodeViewController.swift in Sources */ = {isa = PBXBuildFile; fileRef = A497F5541EFB9114003445BA /* ShowPassCodeViewController.swift */; };
		A497F5701EFB9114003445BA /* ViewController.swift in Sources */ = {isa = PBXBuildFile; fileRef = A497F5551EFB9114003445BA /* ViewController.swift */; };
		A497F5711EFB9114003445BA /* WebViewController.swift in Sources */ = {isa = PBXBuildFile; fileRef = A497F5561EFB9114003445BA /* WebViewController.swift */; };
		A497F5721EFB9114003445BA /* ColorHelper.swift in Sources */ = {isa = PBXBuildFile; fileRef = A497F5581EFB9114003445BA /* ColorHelper.swift */; };
		A497F5731EFB9114003445BA /* MyPinannotatiion.swift in Sources */ = {isa = PBXBuildFile; fileRef = A497F5591EFB9114003445BA /* MyPinannotatiion.swift */; };
		A497F5741EFB9114003445BA /* UIViewHelper.swift in Sources */ = {isa = PBXBuildFile; fileRef = A497F55A1EFB9114003445BA /* UIViewHelper.swift */; };
		A497F5751EFB9114003445BA /* AppDelegate.swift in Sources */ = {isa = PBXBuildFile; fileRef = A497F55C1EFB9114003445BA /* AppDelegate.swift */; };
		A497F5761EFB9114003445BA /* README.md in Sources */ = {isa = PBXBuildFile; fileRef = A497F55D1EFB9114003445BA /* README.md */; };
		A497F5941EFB9395003445BA /* 0_D.m4a in Resources */ = {isa = PBXBuildFile; fileRef = A497F5851EFB9395003445BA /* 0_D.m4a */; };
		A497F5951EFB9395003445BA /* 1_D.m4a in Resources */ = {isa = PBXBuildFile; fileRef = A497F5861EFB9395003445BA /* 1_D.m4a */; };
		A497F5961EFB9395003445BA /* 2_D.m4a in Resources */ = {isa = PBXBuildFile; fileRef = A497F5871EFB9395003445BA /* 2_D.m4a */; };
		A497F5971EFB9395003445BA /* 3_D.m4a in Resources */ = {isa = PBXBuildFile; fileRef = A497F5881EFB9395003445BA /* 3_D.m4a */; };
		A497F5981EFB9395003445BA /* 4_D.m4a in Resources */ = {isa = PBXBuildFile; fileRef = A497F5891EFB9395003445BA /* 4_D.m4a */; };
		A497F5991EFB9395003445BA /* 5_D.m4a in Resources */ = {isa = PBXBuildFile; fileRef = A497F58A1EFB9395003445BA /* 5_D.m4a */; };
		A497F59A1EFB9395003445BA /* 6_D.m4a in Resources */ = {isa = PBXBuildFile; fileRef = A497F58B1EFB9395003445BA /* 6_D.m4a */; };
		A497F59B1EFB9395003445BA /* 7_D.m4a in Resources */ = {isa = PBXBuildFile; fileRef = A497F58C1EFB9395003445BA /* 7_D.m4a */; };
		A497F59C1EFB9395003445BA /* 8_D.m4a in Resources */ = {isa = PBXBuildFile; fileRef = A497F58D1EFB9395003445BA /* 8_D.m4a */; };
		A497F59D1EFB9395003445BA /* 9_D.m4a in Resources */ = {isa = PBXBuildFile; fileRef = A497F58E1EFB9395003445BA /* 9_D.m4a */; };
		A497F59E1EFB9395003445BA /* 上车前_D.m4a in Resources */ = {isa = PBXBuildFile; fileRef = A497F58F1EFB9395003445BA /* 上车前_D.m4a */; };
		A497F59F1EFB9395003445BA /* 上车前_LH.m4a in Resources */ = {isa = PBXBuildFile; fileRef = A497F5901EFB9395003445BA /* 上车前_LH.m4a */; };
		A497F5A01EFB9395003445BA /* 您的解锁码为_D.m4a in Resources */ = {isa = PBXBuildFile; fileRef = A497F5911EFB9395003445BA /* 您的解锁码为_D.m4a */; };
		A497F5A11EFB9395003445BA /* 骑行结束_D.m4a in Resources */ = {isa = PBXBuildFile; fileRef = A497F5921EFB9395003445BA /* 骑行结束_D.m4a */; };
		A497F5A21EFB9395003445BA /* 骑行结束_LH.m4a in Resources */ = {isa = PBXBuildFile; fileRef = A497F5931EFB9395003445BA /* 骑行结束_LH.m4a */; };
		F0A291DF483F36642AA05956 /* Pods_ZylOfo.framework in Frameworks */ = {isa = PBXBuildFile; fileRef = D89676A0F81878BAC1308FE5 /* Pods_ZylOfo.framework */; };
/* End PBXBuildFile section */

/* Begin PBXFileReference section */
		211BA888A503CB425C448D68 /* Pods-ZylOfo.debug.xcconfig */ = {isa = PBXFileReference; includeInIndex = 1; lastKnownFileType = text.xcconfig; name = "Pods-ZylOfo.debug.xcconfig"; path = "Pods/Target Support Files/Pods-ZylOfo/Pods-ZylOfo.debug.xcconfig"; sourceTree = "<group>"; };
		796F2DEC1EF686AB00CECCD2 /* ZylOfo.app */ = {isa = PBXFileReference; explicitFileType = wrapper.application; includeInIndex = 0; path = ZylOfo.app; sourceTree = BUILT_PRODUCTS_DIR; };
		796F2DF41EF686AB00CECCD2 /* Base */ = {isa = PBXFileReference; lastKnownFileType = file.storyboard; name = Base; path = Base.lproj/Main.storyboard; sourceTree = "<group>"; };
		796F2DF61EF686AB00CECCD2 /* Assets.xcassets */ = {isa = PBXFileReference; lastKnownFileType = folder.assetcatalog; path = Assets.xcassets; sourceTree = "<group>"; };
		796F2DF91EF686AB00CECCD2 /* Base */ = {isa = PBXFileReference; lastKnownFileType = file.storyboard; name = Base; path = Base.lproj/LaunchScreen.storyboard; sourceTree = "<group>"; };
		796F2DFB1EF686AB00CECCD2 /* Info.plist */ = {isa = PBXFileReference; lastKnownFileType = text.plist.xml; path = Info.plist; sourceTree = "<group>"; };
		796F2E021EF6963400CECCD2 /* MapKit.framework */ = {isa = PBXFileReference; lastKnownFileType = wrapper.framework; name = MapKit.framework; path = System/Library/Frameworks/MapKit.framework; sourceTree = SDKROOT; };
		A469FF5B1EFA56CC0089C580 /* CodeScan.bundle */ = {isa = PBXFileReference; lastKnownFileType = "wrapper.plug-in"; path = CodeScan.bundle; sourceTree = "<group>"; };
		A48464231EF8B2F6000AC1E4 /* ZylOfo-Bridging-Header.h */ = {isa = PBXFileReference; lastKnownFileType = sourcecode.c.h; path = "ZylOfo-Bridging-Header.h"; sourceTree = "<group>"; };
		A497F5511EFB9114003445BA /* InputViewController.swift */ = {isa = PBXFileReference; fileEncoding = 4; lastKnownFileType = sourcecode.swift; path = InputViewController.swift; sourceTree = "<group>"; };
		A497F5521EFB9114003445BA /* MenuController.swift */ = {isa = PBXFileReference; fileEncoding = 4; lastKnownFileType = sourcecode.swift; path = MenuController.swift; sourceTree = "<group>"; };
		A497F5531EFB9114003445BA /* ScanViewController.swift */ = {isa = PBXFileReference; fileEncoding = 4; lastKnownFileType = sourcecode.swift; path = ScanViewController.swift; sourceTree = "<group>"; };
		A497F5541EFB9114003445BA /* ShowPassCodeViewController.swift */ = {isa = PBXFileReference; fileEncoding = 4; lastKnownFileType = sourcecode.swift; path = ShowPassCodeViewController.swift; sourceTree = "<group>"; };
		A497F5551EFB9114003445BA /* ViewController.swift */ = {isa = PBXFileReference; fileEncoding = 4; lastKnownFileType = sourcecode.swift; path = ViewController.swift; sourceTree = "<group>"; };
		A497F5561EFB9114003445BA /* WebViewController.swift */ = {isa = PBXFileReference; fileEncoding = 4; lastKnownFileType = sourcecode.swift; path = WebViewController.swift; sourceTree = "<group>"; };
		A497F5581EFB9114003445BA /* ColorHelper.swift */ = {isa = PBXFileReference; fileEncoding = 4; lastKnownFileType = sourcecode.swift; path = ColorHelper.swift; sourceTree = "<group>"; };
		A497F5591EFB9114003445BA /* MyPinannotatiion.swift */ = {isa = PBXFileReference; fileEncoding = 4; lastKnownFileType = sourcecode.swift; path = MyPinannotatiion.swift; sourceTree = "<group>"; };
		A497F55A1EFB9114003445BA /* UIViewHelper.swift */ = {isa = PBXFileReference; fileEncoding = 4; lastKnownFileType = sourcecode.swift; path = UIViewHelper.swift; sourceTree = "<group>"; };
		A497F55C1EFB9114003445BA /* AppDelegate.swift */ = {isa = PBXFileReference; fileEncoding = 4; lastKnownFileType = sourcecode.swift; path = AppDelegate.swift; sourceTree = "<group>"; };
		A497F55D1EFB9114003445BA /* README.md */ = {isa = PBXFileReference; fileEncoding = 4; lastKnownFileType = net.daringfireball.markdown; path = README.md; sourceTree = "<group>"; };
		A497F5851EFB9395003445BA /* 0_D.m4a */ = {isa = PBXFileReference; lastKnownFileType = file; path = 0_D.m4a; sourceTree = "<group>"; };
		A497F5861EFB9395003445BA /* 1_D.m4a */ = {isa = PBXFileReference; lastKnownFileType = file; path = 1_D.m4a; sourceTree = "<group>"; };
		A497F5871EFB9395003445BA /* 2_D.m4a */ = {isa = PBXFileReference; lastKnownFileType = file; path = 2_D.m4a; sourceTree = "<group>"; };
		A497F5881EFB9395003445BA /* 3_D.m4a */ = {isa = PBXFileReference; lastKnownFileType = file; path = 3_D.m4a; sourceTree = "<group>"; };
		A497F5891EFB9395003445BA /* 4_D.m4a */ = {isa = PBXFileReference; lastKnownFileType = file; path = 4_D.m4a; sourceTree = "<group>"; };
		A497F58A1EFB9395003445BA /* 5_D.m4a */ = {isa = PBXFileReference; lastKnownFileType = file; path = 5_D.m4a; sourceTree = "<group>"; };
		A497F58B1EFB9395003445BA /* 6_D.m4a */ = {isa = PBXFileReference; lastKnownFileType = file; path = 6_D.m4a; sourceTree = "<group>"; };
		A497F58C1EFB9395003445BA /* 7_D.m4a */ = {isa = PBXFileReference; lastKnownFileType = file; path = 7_D.m4a; sourceTree = "<group>"; };
		A497F58D1EFB9395003445BA /* 8_D.m4a */ = {isa = PBXFileReference; lastKnownFileType = file; path = 8_D.m4a; sourceTree = "<group>"; };
		A497F58E1EFB9395003445BA /* 9_D.m4a */ = {isa = PBXFileReference; lastKnownFileType = file; path = 9_D.m4a; sourceTree = "<group>"; };
		A497F58F1EFB9395003445BA /* 上车前_D.m4a */ = {isa = PBXFileReference; lastKnownFileType = file; path = "上车前_D.m4a"; sourceTree = "<group>"; };
		A497F5901EFB9395003445BA /* 上车前_LH.m4a */ = {isa = PBXFileReference; lastKnownFileType = file; path = "上车前_LH.m4a"; sourceTree = "<group>"; };
		A497F5911EFB9395003445BA /* 您的解锁码为_D.m4a */ = {isa = PBXFileReference; lastKnownFileType = file; path = "您的解锁码为_D.m4a"; sourceTree = "<group>"; };
		A497F5921EFB9395003445BA /* 骑行结束_D.m4a */ = {isa = PBXFileReference; lastKnownFileType = file; path = "骑行结束_D.m4a"; sourceTree = "<group>"; };
		A497F5931EFB9395003445BA /* 骑行结束_LH.m4a */ = {isa = PBXFileReference; lastKnownFileType = file; path = "骑行结束_LH.m4a"; sourceTree = "<group>"; };
		D89676A0F81878BAC1308FE5 /* Pods_ZylOfo.framework */ = {isa = PBXFileReference; explicitFileType = wrapper.framework; includeInIndex = 0; path = Pods_ZylOfo.framework; sourceTree = BUILT_PRODUCTS_DIR; };
		DEC9996358B73465AFF93DA3 /* Pods-ZylOfo.release.xcconfig */ = {isa = PBXFileReference; includeInIndex = 1; lastKnownFileType = text.xcconfig; name = "Pods-ZylOfo.release.xcconfig"; path = "Pods/Target Support Files/Pods-ZylOfo/Pods-ZylOfo.release.xcconfig"; sourceTree = "<group>"; };
/* End PBXFileReference section */

/* Begin PBXFrameworksBuildPhase section */
		796F2DE91EF686AA00CECCD2 /* Frameworks */ = {
			isa = PBXFrameworksBuildPhase;
			buildActionMask = 2147483647;
			files = (
				796F2E031EF6963400CECCD2 /* MapKit.framework in Frameworks */,
				F0A291DF483F36642AA05956 /* Pods_ZylOfo.framework in Frameworks */,
			);
			runOnlyForDeploymentPostprocessing = 0;
		};
/* End PBXFrameworksBuildPhase section */

/* Begin PBXGroup section */
		796F2DE31EF686AA00CECCD2 = {
			isa = PBXGroup;
			children = (
				A469FF5B1EFA56CC0089C580 /* CodeScan.bundle */,
				796F2DEE1EF686AB00CECCD2 /* ZylOfo */,
				796F2DED1EF686AB00CECCD2 /* Products */,
				796F2E011EF6963400CECCD2 /* Frameworks */,
				FD9F8D2D67C386067C3F4937 /* Pods */,
			);
			sourceTree = "<group>";
		};
		796F2DED1EF686AB00CECCD2 /* Products */ = {
			isa = PBXGroup;
			children = (
				796F2DEC1EF686AB00CECCD2 /* ZylOfo.app */,
			);
			name = Products;
			sourceTree = "<group>";
		};
		796F2DEE1EF686AB00CECCD2 /* ZylOfo */ = {
			isa = PBXGroup;
			children = (
				A497F54F1EFB9114003445BA /* Class */,
				796F2DF31EF686AB00CECCD2 /* Main.storyboard */,
				796F2DF61EF686AB00CECCD2 /* Assets.xcassets */,
				796F2DF81EF686AB00CECCD2 /* LaunchScreen.storyboard */,
				796F2DFB1EF686AB00CECCD2 /* Info.plist */,
				A48464231EF8B2F6000AC1E4 /* ZylOfo-Bridging-Header.h */,
			);
			path = ZylOfo;
			sourceTree = "<group>";
		};
		796F2E011EF6963400CECCD2 /* Frameworks */ = {
			isa = PBXGroup;
			children = (
				796F2E021EF6963400CECCD2 /* MapKit.framework */,
				D89676A0F81878BAC1308FE5 /* Pods_ZylOfo.framework */,
			);
			name = Frameworks;
			sourceTree = "<group>";
		};
		A497F54F1EFB9114003445BA /* Class */ = {
			isa = PBXGroup;
			children = (
				A497F5841EFB9395003445BA /* voice */,
				A497F5501EFB9114003445BA /* Controller */,
				A497F5571EFB9114003445BA /* expandTools */,
				A497F55B1EFB9114003445BA /* Other */,
			);
			path = Class;
			sourceTree = "<group>";
		};
		A497F5501EFB9114003445BA /* Controller */ = {
			isa = PBXGroup;
			children = (
				A497F5511EFB9114003445BA /* InputViewController.swift */,
				A497F5521EFB9114003445BA /* MenuController.swift */,
				A497F5531EFB9114003445BA /* ScanViewController.swift */,
				A497F5541EFB9114003445BA /* ShowPassCodeViewController.swift */,
				A497F5551EFB9114003445BA /* ViewController.swift */,
				A497F5561EFB9114003445BA /* WebViewController.swift */,
			);
			path = Controller;
			sourceTree = "<group>";
		};
		A497F5571EFB9114003445BA /* expandTools */ = {
			isa = PBXGroup;
			children = (
				A497F5581EFB9114003445BA /* ColorHelper.swift */,
				A497F5591EFB9114003445BA /* MyPinannotatiion.swift */,
				A497F55A1EFB9114003445BA /* UIViewHelper.swift */,
			);
			path = expandTools;
			sourceTree = "<group>";
		};
		A497F55B1EFB9114003445BA /* Other */ = {
			isa = PBXGroup;
			children = (
				A497F55C1EFB9114003445BA /* AppDelegate.swift */,
				A497F55D1EFB9114003445BA /* README.md */,
			);
			path = Other;
			sourceTree = "<group>";
		};
		A497F5841EFB9395003445BA /* voice */ = {
			isa = PBXGroup;
			children = (
				A497F5851EFB9395003445BA /* 0_D.m4a */,
				A497F5861EFB9395003445BA /* 1_D.m4a */,
				A497F5871EFB9395003445BA /* 2_D.m4a */,
				A497F5881EFB9395003445BA /* 3_D.m4a */,
				A497F5891EFB9395003445BA /* 4_D.m4a */,
				A497F58A1EFB9395003445BA /* 5_D.m4a */,
				A497F58B1EFB9395003445BA /* 6_D.m4a */,
				A497F58C1EFB9395003445BA /* 7_D.m4a */,
				A497F58D1EFB9395003445BA /* 8_D.m4a */,
				A497F58E1EFB9395003445BA /* 9_D.m4a */,
				A497F58F1EFB9395003445BA /* 上车前_D.m4a */,
				A497F5901EFB9395003445BA /* 上车前_LH.m4a */,
				A497F5911EFB9395003445BA /* 您的解锁码为_D.m4a */,
				A497F5921EFB9395003445BA /* 骑行结束_D.m4a */,
				A497F5931EFB9395003445BA /* 骑行结束_LH.m4a */,
			);
			path = voice;
			sourceTree = "<group>";
		};
		FD9F8D2D67C386067C3F4937 /* Pods */ = {
			isa = PBXGroup;
			children = (
				211BA888A503CB425C448D68 /* Pods-ZylOfo.debug.xcconfig */,
				DEC9996358B73465AFF93DA3 /* Pods-ZylOfo.release.xcconfig */,
			);
			name = Pods;
			sourceTree = "<group>";
		};
/* End PBXGroup section */

/* Begin PBXNativeTarget section */
		796F2DEB1EF686AA00CECCD2 /* ZylOfo */ = {
			isa = PBXNativeTarget;
			buildConfigurationList = 796F2DFE1EF686AB00CECCD2 /* Build configuration list for PBXNativeTarget "ZylOfo" */;
			buildPhases = (
				ACFAC3952EFB960FF35078E5 /* [CP] Check Pods Manifest.lock */,
				796F2DE81EF686AA00CECCD2 /* Sources */,
				796F2DE91EF686AA00CECCD2 /* Frameworks */,
				796F2DEA1EF686AA00CECCD2 /* Resources */,
				7D5B9973BD56768C56014D77 /* [CP] Embed Pods Frameworks */,
				3877698C7B12B471891D2D16 /* [CP] Copy Pods Resources */,
			);
			buildRules = (
			);
			dependencies = (
			);
			name = ZylOfo;
			productName = ZylOfo;
			productReference = 796F2DEC1EF686AB00CECCD2 /* ZylOfo.app */;
			productType = "com.apple.product-type.application";
		};
/* End PBXNativeTarget section */

/* Begin PBXProject section */
		796F2DE41EF686AA00CECCD2 /* Project object */ = {
			isa = PBXProject;
			attributes = {
				LastSwiftUpdateCheck = 0820;
				LastUpgradeCheck = 0820;
				ORGANIZATIONNAME = zhangyanlin;
				TargetAttributes = {
					796F2DEB1EF686AA00CECCD2 = {
						CreatedOnToolsVersion = 8.2.1;
						DevelopmentTeam = 8GR4Z3QJ2L;
						LastSwiftMigration = 0820;
						ProvisioningStyle = Automatic;
						SystemCapabilities = {
							com.apple.Maps.iOS = {
								enabled = 0;
							};
						};
					};
				};
			};
			buildConfigurationList = 796F2DE71EF686AA00CECCD2 /* Build configuration list for PBXProject "ZylOfo" */;
			compatibilityVersion = "Xcode 3.2";
			developmentRegion = English;
			hasScannedForEncodings = 0;
			knownRegions = (
				en,
				Base,
			);
			mainGroup = 796F2DE31EF686AA00CECCD2;
			productRefGroup = 796F2DED1EF686AB00CECCD2 /* Products */;
			projectDirPath = "";
			projectRoot = "";
			targets = (
				796F2DEB1EF686AA00CECCD2 /* ZylOfo */,
			);
		};
/* End PBXProject section */

/* Begin PBXResourcesBuildPhase section */
		796F2DEA1EF686AA00CECCD2 /* Resources */ = {
			isa = PBXResourcesBuildPhase;
			buildActionMask = 2147483647;
			files = (
				A497F59A1EFB9395003445BA /* 6_D.m4a in Resources */,
				A497F5961EFB9395003445BA /* 2_D.m4a in Resources */,
				A497F59C1EFB9395003445BA /* 8_D.m4a in Resources */,
				A497F5A21EFB9395003445BA /* 骑行结束_LH.m4a in Resources */,
				A497F5941EFB9395003445BA /* 0_D.m4a in Resources */,
				796F2DFA1EF686AB00CECCD2 /* LaunchScreen.storyboard in Resources */,
				A497F5981EFB9395003445BA /* 4_D.m4a in Resources */,
				796F2DF71EF686AB00CECCD2 /* Assets.xcassets in Resources */,
				A497F59D1EFB9395003445BA /* 9_D.m4a in Resources */,
				A497F5A01EFB9395003445BA /* 您的解锁码为_D.m4a in Resources */,
				A497F5991EFB9395003445BA /* 5_D.m4a in Resources */,
				A497F5A11EFB9395003445BA /* 骑行结束_D.m4a in Resources */,
				A497F5951EFB9395003445BA /* 1_D.m4a in Resources */,
				A497F59F1EFB9395003445BA /* 上车前_LH.m4a in Resources */,
				A497F5971EFB9395003445BA /* 3_D.m4a in Resources */,
				A497F59E1EFB9395003445BA /* 上车前_D.m4a in Resources */,
				A497F59B1EFB9395003445BA /* 7_D.m4a in Resources */,
				796F2DF51EF686AB00CECCD2 /* Main.storyboard in Resources */,
				A469FF5C1EFA56CC0089C580 /* CodeScan.bundle in Resources */,
			);
			runOnlyForDeploymentPostprocessing = 0;
		};
/* End PBXResourcesBuildPhase section */

/* Begin PBXShellScriptBuildPhase section */
		3877698C7B12B471891D2D16 /* [CP] Copy Pods Resources */ = {
			isa = PBXShellScriptBuildPhase;
			buildActionMask = 2147483647;
			files = (
			);
			inputPaths = (
			);
			name = "[CP] Copy Pods Resources";
			outputPaths = (
			);
			runOnlyForDeploymentPostprocessing = 0;
			shellPath = /bin/sh;
			shellScript = "\"${SRCROOT}/Pods/Target Support Files/Pods-ZylOfo/Pods-ZylOfo-resources.sh\"\n";
			showEnvVarsInLog = 0;
		};
		7D5B9973BD56768C56014D77 /* [CP] Embed Pods Frameworks */ = {
			isa = PBXShellScriptBuildPhase;
			buildActionMask = 2147483647;
			files = (
			);
			inputPaths = (
			);
			name = "[CP] Embed Pods Frameworks";
			outputPaths = (
			);
			runOnlyForDeploymentPostprocessing = 0;
			shellPath = /bin/sh;
			shellScript = "\"${SRCROOT}/Pods/Target Support Files/Pods-ZylOfo/Pods-ZylOfo-frameworks.sh\"\n";
			showEnvVarsInLog = 0;
		};
		ACFAC3952EFB960FF35078E5 /* [CP] Check Pods Manifest.lock */ = {
			isa = PBXShellScriptBuildPhase;
			buildActionMask = 2147483647;
			files = (
			);
			inputPaths = (
			);
			name = "[CP] Check Pods Manifest.lock";
			outputPaths = (
			);
			runOnlyForDeploymentPostprocessing = 0;
			shellPath = /bin/sh;
			shellScript = "diff \"${PODS_PODFILE_DIR_PATH}/Podfile.lock\" \"${PODS_ROOT}/Manifest.lock\" > /dev/null\nif [ $? != 0 ] ; then\n    # print error to STDERR\n    echo \"error: The sandbox is not in sync with the Podfile.lock. Run 'pod install' or update your CocoaPods installation.\" >&2\n    exit 1\nfi\n";
			showEnvVarsInLog = 0;
		};
/* End PBXShellScriptBuildPhase section */

/* Begin PBXSourcesBuildPhase section */
		796F2DE81EF686AA00CECCD2 /* Sources */ = {
			isa = PBXSourcesBuildPhase;
			buildActionMask = 2147483647;
			files = (
				A497F5701EFB9114003445BA /* ViewController.swift in Sources */,
				A497F5711EFB9114003445BA /* WebViewController.swift in Sources */,
				A497F5731EFB9114003445BA /* MyPinannotatiion.swift in Sources */,
				A497F56D1EFB9114003445BA /* MenuController.swift in Sources */,
				A497F56C1EFB9114003445BA /* InputViewController.swift in Sources */,
				A497F5741EFB9114003445BA /* UIViewHelper.swift in Sources */,
				A497F56F1EFB9114003445BA /* ShowPassCodeViewController.swift in Sources */,
				A497F5721EFB9114003445BA /* ColorHelper.swift in Sources */,
				A497F5751EFB9114003445BA /* AppDelegate.swift in Sources */,
				A497F5761EFB9114003445BA /* README.md in Sources */,
				A497F56E1EFB9114003445BA /* ScanViewController.swift in Sources */,
			);
			runOnlyForDeploymentPostprocessing = 0;
		};
/* End PBXSourcesBuildPhase section */

/* Begin PBXVariantGroup section */
		796F2DF31EF686AB00CECCD2 /* Main.storyboard */ = {
			isa = PBXVariantGroup;
			children = (
				796F2DF41EF686AB00CECCD2 /* Base */,
			);
			name = Main.storyboard;
			sourceTree = "<group>";
		};
		796F2DF81EF686AB00CECCD2 /* LaunchScreen.storyboard */ = {
			isa = PBXVariantGroup;
			children = (
				796F2DF91EF686AB00CECCD2 /* Base */,
			);
			name = LaunchScreen.storyboard;
			sourceTree = "<group>";
		};
/* End PBXVariantGroup section */

/* Begin XCBuildConfiguration section */
		796F2DFC1EF686AB00CECCD2 /* Debug */ = {
			isa = XCBuildConfiguration;
			buildSettings = {
				ALWAYS_SEARCH_USER_PATHS = NO;
				CLANG_ANALYZER_NONNULL = YES;
				CLANG_CXX_LANGUAGE_STANDARD = "gnu++0x";
				CLANG_CXX_LIBRARY = "libc++";
				CLANG_ENABLE_MODULES = YES;
				CLANG_ENABLE_OBJC_ARC = YES;
				CLANG_WARN_BOOL_CONVERSION = YES;
				CLANG_WARN_CONSTANT_CONVERSION = YES;
				CLANG_WARN_DIRECT_OBJC_ISA_USAGE = YES_ERROR;
				CLANG_WARN_DOCUMENTATION_COMMENTS = YES;
				CLANG_WARN_EMPTY_BODY = YES;
				CLANG_WARN_ENUM_CONVERSION = YES;
				CLANG_WARN_INFINITE_RECURSION = YES;
				CLANG_WARN_INT_CONVERSION = YES;
				CLANG_WARN_OBJC_ROOT_CLASS = YES_ERROR;
				CLANG_WARN_SUSPICIOUS_MOVE = YES;
				CLANG_WARN_UNREACHABLE_CODE = YES;
				CLANG_WARN__DUPLICATE_METHOD_MATCH = YES;
				"CODE_SIGN_IDENTITY[sdk=iphoneos*]" = "iPhone Developer";
				COPY_PHASE_STRIP = NO;
				DEBUG_INFORMATION_FORMAT = dwarf;
				ENABLE_STRICT_OBJC_MSGSEND = YES;
				ENABLE_TESTABILITY = YES;
				GCC_C_LANGUAGE_STANDARD = gnu99;
				GCC_DYNAMIC_NO_PIC = NO;
				GCC_NO_COMMON_BLOCKS = YES;
				GCC_OPTIMIZATION_LEVEL = 0;
				GCC_PREPROCESSOR_DEFINITIONS = (
					"DEBUG=1",
					"$(inherited)",
				);
				GCC_WARN_64_TO_32_BIT_CONVERSION = YES;
				GCC_WARN_ABOUT_RETURN_TYPE = YES_ERROR;
				GCC_WARN_UNDECLARED_SELECTOR = YES;
				GCC_WARN_UNINITIALIZED_AUTOS = YES_AGGRESSIVE;
				GCC_WARN_UNUSED_FUNCTION = YES;
				GCC_WARN_UNUSED_VARIABLE = YES;
				IPHONEOS_DEPLOYMENT_TARGET = 10.2;
				MTL_ENABLE_DEBUG_INFO = YES;
				ONLY_ACTIVE_ARCH = YES;
				SDKROOT = iphoneos;
				SWIFT_ACTIVE_COMPILATION_CONDITIONS = DEBUG;
				SWIFT_OPTIMIZATION_LEVEL = "-Onone";
			};
			name = Debug;
		};
		796F2DFD1EF686AB00CECCD2 /* Release */ = {
			isa = XCBuildConfiguration;
			buildSettings = {
				ALWAYS_SEARCH_USER_PATHS = NO;
				CLANG_ANALYZER_NONNULL = YES;
				CLANG_CXX_LANGUAGE_STANDARD = "gnu++0x";
				CLANG_CXX_LIBRARY = "libc++";
				CLANG_ENABLE_MODULES = YES;
				CLANG_ENABLE_OBJC_ARC = YES;
				CLANG_WARN_BOOL_CONVERSION = YES;
				CLANG_WARN_CONSTANT_CONVERSION = YES;
				CLANG_WARN_DIRECT_OBJC_ISA_USAGE = YES_ERROR;
				CLANG_WARN_DOCUMENTATION_COMMENTS = YES;
				CLANG_WARN_EMPTY_BODY = YES;
				CLANG_WARN_ENUM_CONVERSION = YES;
				CLANG_WARN_INFINITE_RECURSION = YES;
				CLANG_WARN_INT_CONVERSION = YES;
				CLANG_WARN_OBJC_ROOT_CLASS = YES_ERROR;
				CLANG_WARN_SUSPICIOUS_MOVE = YES;
				CLANG_WARN_UNREACHABLE_CODE = YES;
				CLANG_WARN__DUPLICATE_METHOD_MATCH = YES;
				"CODE_SIGN_IDENTITY[sdk=iphoneos*]" = "iPhone Developer";
				COPY_PHASE_STRIP = NO;
				DEBUG_INFORMATION_FORMAT = "dwarf-with-dsym";
				ENABLE_NS_ASSERTIONS = NO;
				ENABLE_STRICT_OBJC_MSGSEND = YES;
				GCC_C_LANGUAGE_STANDARD = gnu99;
				GCC_NO_COMMON_BLOCKS = YES;
				GCC_WARN_64_TO_32_BIT_CONVERSION = YES;
				GCC_WARN_ABOUT_RETURN_TYPE = YES_ERROR;
				GCC_WARN_UNDECLARED_SELECTOR = YES;
				GCC_WARN_UNINITIALIZED_AUTOS = YES_AGGRESSIVE;
				GCC_WARN_UNUSED_FUNCTION = YES;
				GCC_WARN_UNUSED_VARIABLE = YES;
				IPHONEOS_DEPLOYMENT_TARGET = 10.2;
				MTL_ENABLE_DEBUG_INFO = NO;
				SDKROOT = iphoneos;
				SWIFT_OPTIMIZATION_LEVEL = "-Owholemodule";
				VALIDATE_PRODUCT = YES;
			};
			name = Release;
		};
		796F2DFF1EF686AB00CECCD2 /* Debug */ = {
			isa = XCBuildConfiguration;
			baseConfigurationReference = 211BA888A503CB425C448D68 /* Pods-ZylOfo.debug.xcconfig */;
			buildSettings = {
				ASSETCATALOG_COMPILER_APPICON_NAME = AppIcon;
				ASSETCATALOG_COMPILER_LAUNCHIMAGE_NAME = LaunchImage;
				CLANG_ENABLE_MODULES = YES;
				DEVELOPMENT_TEAM = 8GR4Z3QJ2L;
				INFOPLIST_FILE = ZylOfo/Info.plist;
				LD_RUNPATH_SEARCH_PATHS = "$(inherited) @executable_path/Frameworks";
				PRODUCT_BUNDLE_IDENTIFIER = zhyl163.com.ZylOfo;
				PRODUCT_NAME = "$(TARGET_NAME)";
				SWIFT_OBJC_BRIDGING_HEADER = "ZylOfo/ZylOfo-Bridging-Header.h";
				SWIFT_OPTIMIZATION_LEVEL = "-Onone";
				SWIFT_VERSION = 3.0;
			};
			name = Debug;
		};
		796F2E001EF686AB00CECCD2 /* Release */ = {
			isa = XCBuildConfiguration;
			baseConfigurationReference = DEC9996358B73465AFF93DA3 /* Pods-ZylOfo.release.xcconfig */;
			buildSettings = {
				ASSETCATALOG_COMPILER_APPICON_NAME = AppIcon;
				ASSETCATALOG_COMPILER_LAUNCHIMAGE_NAME = LaunchImage;
				CLANG_ENABLE_MODULES = YES;
				DEVELOPMENT_TEAM = 8GR4Z3QJ2L;
				INFOPLIST_FILE = ZylOfo/Info.plist;
				LD_RUNPATH_SEARCH_PATHS = "$(inherited) @executable_path/Frameworks";
				PRODUCT_BUNDLE_IDENTIFIER = zhyl163.com.ZylOfo;
				PRODUCT_NAME = "$(TARGET_NAME)";
				SWIFT_OBJC_BRIDGING_HEADER = "ZylOfo/ZylOfo-Bridging-Header.h";
				SWIFT_VERSION = 3.0;
			};
			name = Release;
		};
/* End XCBuildConfiguration section */

/* Begin XCConfigurationList section */
		796F2DE71EF686AA00CECCD2 /* Build configuration list for PBXProject "ZylOfo" */ = {
			isa = XCConfigurationList;
			buildConfigurations = (
				796F2DFC1EF686AB00CECCD2 /* Debug */,
				796F2DFD1EF686AB00CECCD2 /* Release */,
			);
			defaultConfigurationIsVisible = 0;
			defaultConfigurationName = Release;
		};
		796F2DFE1EF686AB00CECCD2 /* Build configuration list for PBXNativeTarget "ZylOfo" */ = {
			isa = XCConfigurationList;
			buildConfigurations = (
				796F2DFF1EF686AB00CECCD2 /* Debug */,
				796F2E001EF686AB00CECCD2 /* Release */,
			);
			defaultConfigurationIsVisible = 0;
			defaultConfigurationName = Release;
		};
/* End XCConfigurationList section */
	};
	rootObject = 796F2DE41EF686AA00CECCD2 /* Project object */;
}
